
Microsoft Visual Studio Solution File, Format Version 12.00
# Visual Studio Version 17
VisualStudioVersion = 17.0.32126.317
MinimumVisualStudioVersion = 10.0.40219.1
Project("{FAE04EC0-301F-11D3-BF4B-00C04F79EFBC}") = "oef_4.1_volume", "oef_4.1_volume.csproj", "{972C03D3-51C3-4F2F-9875-CA7578189491}"
EndProject
Global
	GlobalSection(SolutionConfigurationPlatforms) = preSolution
		Debug|Any CPU = Debug|Any CPU
		Release|Any CPU = Release|Any CPU
	EndGlobalSection
	GlobalSection(ProjectConfigurationPlatforms) = postSolution
		{972C03D3-51C3-4F2F-9875-CA7578189491}.Debug|Any CPU.ActiveCfg = Debug|Any CPU
		{972C03D3-51C3-4F2F-9875-CA7578189491}.Debug|Any CPU.Build.0 = Debug|Any CPU
		{972C03D3-51C3-4F2F-9875-CA7578189491}.Release|Any CPU.ActiveCfg = Release|Any CPU
		{972C03D3-51C3-4F2F-9875-CA7578189491}.Release|Any CPU.Build.0 = Release|Any CPU
	EndGlobalSection
	GlobalSection(SolutionProperties) = preSolution
		HideSolutionNode = FALSE
	EndGlobalSection
	GlobalSection(ExtensibilityGlobals) = postSolution
		SolutionGuid = {E3A6A8B0-02A5-47CF-B4C5-49D15E30D3F2}
	EndGlobalSection
EndGlobal
