
Microsoft Visual Studio Solution File, Format Version 12.00
# Visual Studio Version 16
VisualStudioVersion = 16.0.31005.135
MinimumVisualStudioVersion = 10.0.40219.1
Project("{FAE04EC0-301F-11D3-BF4B-00C04F79EFBC}") = "MoneyComparisons", "MoneyComparisons.csproj", "{F09EDB6D-C946-42BD-9966-991FE26854EF}"
EndProject
Global
	GlobalSection(SolutionConfigurationPlatforms) = preSolution
		Debug|Any CPU = Debug|Any CPU
		Release|Any CPU = Release|Any CPU
	EndGlobalSection
	GlobalSection(ProjectConfigurationPlatforms) = postSolution
		{F09EDB6D-C946-42BD-9966-991FE26854EF}.Debug|Any CPU.ActiveCfg = Debug|Any CPU
		{F09EDB6D-C946-42BD-9966-991FE26854EF}.Debug|Any CPU.Build.0 = Debug|Any CPU
		{F09EDB6D-C946-42BD-9966-991FE26854EF}.Release|Any CPU.ActiveCfg = Release|Any CPU
		{F09EDB6D-C946-42BD-9966-991FE26854EF}.Release|Any CPU.Build.0 = Release|Any CPU
	EndGlobalSection
	GlobalSection(SolutionProperties) = preSolution
		HideSolutionNode = FALSE
	EndGlobalSection
	GlobalSection(ExtensibilityGlobals) = postSolution
		SolutionGuid = {DF582A21-82AD-4360-84C6-10D495E5A035}
	EndGlobalSection
EndGlobal
