
Microsoft Visual Studio Solution File, Format Version 12.00
# Visual Studio Version 17
VisualStudioVersion = 17.0.32126.317
MinimumVisualStudioVersion = 10.0.40219.1
Project("{FAE04EC0-301F-11D3-BF4B-00C04F79EFBC}") = "oef_11.6_Shapes", "oef_11.6_Shapes.csproj", "{0A10703D-C619-4D9C-BC4C-D489AB230B84}"
EndProject
Global
	GlobalSection(SolutionConfigurationPlatforms) = preSolution
		Debug|Any CPU = Debug|Any CPU
		Release|Any CPU = Release|Any CPU
	EndGlobalSection
	GlobalSection(ProjectConfigurationPlatforms) = postSolution
		{0A10703D-C619-4D9C-BC4C-D489AB230B84}.Debug|Any CPU.ActiveCfg = Debug|Any CPU
		{0A10703D-C619-4D9C-BC4C-D489AB230B84}.Debug|Any CPU.Build.0 = Debug|Any CPU
		{0A10703D-C619-4D9C-BC4C-D489AB230B84}.Release|Any CPU.ActiveCfg = Release|Any CPU
		{0A10703D-C619-4D9C-BC4C-D489AB230B84}.Release|Any CPU.Build.0 = Release|Any CPU
	EndGlobalSection
	GlobalSection(SolutionProperties) = preSolution
		HideSolutionNode = FALSE
	EndGlobalSection
	GlobalSection(ExtensibilityGlobals) = postSolution
		SolutionGuid = {77B65CC3-4874-4CEB-A9A5-493FF6B8C0BB}
	EndGlobalSection
EndGlobal
