
Microsoft Visual Studio Solution File, Format Version 12.00
# Visual Studio Version 17
VisualStudioVersion = 17.0.32126.317
MinimumVisualStudioVersion = 10.0.40219.1
Project("{FAE04EC0-301F-11D3-BF4B-00C04F79EFBC}") = "oef_5.9_CubeVolume", "oef_5.9_CubeVolume.csproj", "{5375CD12-8137-4FC7-996C-039AAE501DA4}"
EndProject
Global
	GlobalSection(SolutionConfigurationPlatforms) = preSolution
		Debug|Any CPU = Debug|Any CPU
		Release|Any CPU = Release|Any CPU
	EndGlobalSection
	GlobalSection(ProjectConfigurationPlatforms) = postSolution
		{5375CD12-8137-4FC7-996C-039AAE501DA4}.Debug|Any CPU.ActiveCfg = Debug|Any CPU
		{5375CD12-8137-4FC7-996C-039AAE501DA4}.Debug|Any CPU.Build.0 = Debug|Any CPU
		{5375CD12-8137-4FC7-996C-039AAE501DA4}.Release|Any CPU.ActiveCfg = Release|Any CPU
		{5375CD12-8137-4FC7-996C-039AAE501DA4}.Release|Any CPU.Build.0 = Release|Any CPU
	EndGlobalSection
	GlobalSection(SolutionProperties) = preSolution
		HideSolutionNode = FALSE
	EndGlobalSection
	GlobalSection(ExtensibilityGlobals) = postSolution
		SolutionGuid = {209A1C90-F033-41E3-843E-A02D55A2EEA7}
	EndGlobalSection
EndGlobal
