
Microsoft Visual Studio Solution File, Format Version 12.00
# Visual Studio Version 17
VisualStudioVersion = 17.0.32126.317
MinimumVisualStudioVersion = 10.0.40219.1
Project("{FAE04EC0-301F-11D3-BF4B-00C04F79EFBC}") = "oef_2.1_Demo", "oef_2.1_Demo.csproj", "{CF31710D-ABFA-4C36-A13B-6A93D6D54602}"
EndProject
Global
	GlobalSection(SolutionConfigurationPlatforms) = preSolution
		Debug|Any CPU = Debug|Any CPU
		Release|Any CPU = Release|Any CPU
	EndGlobalSection
	GlobalSection(ProjectConfigurationPlatforms) = postSolution
		{CF31710D-ABFA-4C36-A13B-6A93D6D54602}.Debug|Any CPU.ActiveCfg = Debug|Any CPU
		{CF31710D-ABFA-4C36-A13B-6A93D6D54602}.Debug|Any CPU.Build.0 = Debug|Any CPU
		{CF31710D-ABFA-4C36-A13B-6A93D6D54602}.Release|Any CPU.ActiveCfg = Release|Any CPU
		{CF31710D-ABFA-4C36-A13B-6A93D6D54602}.Release|Any CPU.Build.0 = Release|Any CPU
	EndGlobalSection
	GlobalSection(SolutionProperties) = preSolution
		HideSolutionNode = FALSE
	EndGlobalSection
	GlobalSection(ExtensibilityGlobals) = postSolution
		SolutionGuid = {AE27835C-CC9C-4128-97B0-B31A3DF9E0AB}
	EndGlobalSection
EndGlobal
