
Microsoft Visual Studio Solution File, Format Version 12.00
# Visual Studio Version 17
VisualStudioVersion = 17.0.32126.317
MinimumVisualStudioVersion = 10.0.40219.1
Project("{FAE04EC0-301F-11D3-BF4B-00C04F79EFBC}") = "WpfApp1", "WpfApp1.csproj", "{8EC9795F-15FB-4EE6-B7E3-FF09985994FC}"
EndProject
Global
	GlobalSection(SolutionConfigurationPlatforms) = preSolution
		Debug|Any CPU = Debug|Any CPU
		Release|Any CPU = Release|Any CPU
	EndGlobalSection
	GlobalSection(ProjectConfigurationPlatforms) = postSolution
		{8EC9795F-15FB-4EE6-B7E3-FF09985994FC}.Debug|Any CPU.ActiveCfg = Debug|Any CPU
		{8EC9795F-15FB-4EE6-B7E3-FF09985994FC}.Debug|Any CPU.Build.0 = Debug|Any CPU
		{8EC9795F-15FB-4EE6-B7E3-FF09985994FC}.Release|Any CPU.ActiveCfg = Release|Any CPU
		{8EC9795F-15FB-4EE6-B7E3-FF09985994FC}.Release|Any CPU.Build.0 = Release|Any CPU
	EndGlobalSection
	GlobalSection(SolutionProperties) = preSolution
		HideSolutionNode = FALSE
	EndGlobalSection
	GlobalSection(ExtensibilityGlobals) = postSolution
		SolutionGuid = {7A4E0FCF-2510-4915-902A-6D7048368710}
	EndGlobalSection
EndGlobal
