
Microsoft Visual Studio Solution File, Format Version 12.00
# Visual Studio Version 16
VisualStudioVersion = 16.0.31025.218
MinimumVisualStudioVersion = 10.0.40219.1
Project("{FAE04EC0-301F-11D3-BF4B-00C04F79EFBC}") = "Hello", "Hello.csproj", "{61954CC6-CB72-4CFD-A41A-3538F4E12DD7}"
EndProject
Global
	GlobalSection(SolutionConfigurationPlatforms) = preSolution
		Debug|Any CPU = Debug|Any CPU
		Release|Any CPU = Release|Any CPU
	EndGlobalSection
	GlobalSection(ProjectConfigurationPlatforms) = postSolution
		{61954CC6-CB72-4CFD-A41A-3538F4E12DD7}.Debug|Any CPU.ActiveCfg = Debug|Any CPU
		{61954CC6-CB72-4CFD-A41A-3538F4E12DD7}.Debug|Any CPU.Build.0 = Debug|Any CPU
		{61954CC6-CB72-4CFD-A41A-3538F4E12DD7}.Release|Any CPU.ActiveCfg = Release|Any CPU
		{61954CC6-CB72-4CFD-A41A-3538F4E12DD7}.Release|Any CPU.Build.0 = Release|Any CPU
	EndGlobalSection
	GlobalSection(SolutionProperties) = preSolution
		HideSolutionNode = FALSE
	EndGlobalSection
	GlobalSection(ExtensibilityGlobals) = postSolution
		SolutionGuid = {E1C9577A-7A68-44F9-9A45-F79808294920}
	EndGlobalSection
EndGlobal
