
Microsoft Visual Studio Solution File, Format Version 12.00
# Visual Studio Version 17
VisualStudioVersion = 17.3.32929.385
MinimumVisualStudioVersion = 10.0.40219.1
Project("{9A19103F-16F7-4668-BE54-9A1E7A4F7556}") = "InfluencerApp.UI", "InfluencerApp.UI\InfluencerApp.UI.csproj", "{7089771B-3B3B-476B-A699-567FCC142A2A}"
EndProject
Project("{9A19103F-16F7-4668-BE54-9A1E7A4F7556}") = "InfluencerApp.Domain", "InfluencerApp.Domain\InfluencerApp.Domain.csproj", "{FEA081B9-49D1-4222-B1D2-B9724B42A233}"
EndProject
Project("{9A19103F-16F7-4668-BE54-9A1E7A4F7556}") = "InfluencerApp.AppLogic", "InfluencerApp.AppLogic\InfluencerApp.AppLogic.csproj", "{3F28F831-B3E7-4BA7-B2BE-43F57C5C2569}"
EndProject
Project("{9A19103F-16F7-4668-BE54-9A1E7A4F7556}") = "InfluencerApp.Infrastructure", "InfluencerApp.Infrastructure\InfluencerApp.Infrastructure.csproj", "{F3AAFA85-6A84-4EFA-9AD4-8E95C9DB0010}"
EndProject
Project("{FAE04EC0-301F-11D3-BF4B-00C04F79EFBC}") = "InfluencerApp.Domain.Tests", "InfluencerApp.Domain.Tests\InfluencerApp.Domain.Tests.csproj", "{114FF3DE-B221-4A4A-90C0-6671A3B99522}"
EndProject
Global
	GlobalSection(SolutionConfigurationPlatforms) = preSolution
		Debug|Any CPU = Debug|Any CPU
		Release|Any CPU = Release|Any CPU
	EndGlobalSection
	GlobalSection(ProjectConfigurationPlatforms) = postSolution
		{7089771B-3B3B-476B-A699-567FCC142A2A}.Debug|Any CPU.ActiveCfg = Debug|Any CPU
		{7089771B-3B3B-476B-A699-567FCC142A2A}.Debug|Any CPU.Build.0 = Debug|Any CPU
		{7089771B-3B3B-476B-A699-567FCC142A2A}.Release|Any CPU.ActiveCfg = Release|Any CPU
		{7089771B-3B3B-476B-A699-567FCC142A2A}.Release|Any CPU.Build.0 = Release|Any CPU
		{FEA081B9-49D1-4222-B1D2-B9724B42A233}.Debug|Any CPU.ActiveCfg = Debug|Any CPU
		{FEA081B9-49D1-4222-B1D2-B9724B42A233}.Debug|Any CPU.Build.0 = Debug|Any CPU
		{FEA081B9-49D1-4222-B1D2-B9724B42A233}.Release|Any CPU.ActiveCfg = Release|Any CPU
		{FEA081B9-49D1-4222-B1D2-B9724B42A233}.Release|Any CPU.Build.0 = Release|Any CPU
		{3F28F831-B3E7-4BA7-B2BE-43F57C5C2569}.Debug|Any CPU.ActiveCfg = Debug|Any CPU
		{3F28F831-B3E7-4BA7-B2BE-43F57C5C2569}.Debug|Any CPU.Build.0 = Debug|Any CPU
		{3F28F831-B3E7-4BA7-B2BE-43F57C5C2569}.Release|Any CPU.ActiveCfg = Release|Any CPU
		{3F28F831-B3E7-4BA7-B2BE-43F57C5C2569}.Release|Any CPU.Build.0 = Release|Any CPU
		{F3AAFA85-6A84-4EFA-9AD4-8E95C9DB0010}.Debug|Any CPU.ActiveCfg = Debug|Any CPU
		{F3AAFA85-6A84-4EFA-9AD4-8E95C9DB0010}.Debug|Any CPU.Build.0 = Debug|Any CPU
		{F3AAFA85-6A84-4EFA-9AD4-8E95C9DB0010}.Release|Any CPU.ActiveCfg = Release|Any CPU
		{F3AAFA85-6A84-4EFA-9AD4-8E95C9DB0010}.Release|Any CPU.Build.0 = Release|Any CPU
		{114FF3DE-B221-4A4A-90C0-6671A3B99522}.Debug|Any CPU.ActiveCfg = Debug|Any CPU
		{114FF3DE-B221-4A4A-90C0-6671A3B99522}.Debug|Any CPU.Build.0 = Debug|Any CPU
		{114FF3DE-B221-4A4A-90C0-6671A3B99522}.Release|Any CPU.ActiveCfg = Release|Any CPU
		{114FF3DE-B221-4A4A-90C0-6671A3B99522}.Release|Any CPU.Build.0 = Release|Any CPU
	EndGlobalSection
	GlobalSection(SolutionProperties) = preSolution
		HideSolutionNode = FALSE
	EndGlobalSection
	GlobalSection(ExtensibilityGlobals) = postSolution
		SolutionGuid = {C8068975-8C45-450D-8C7B-AC13E6E1E35E}
	EndGlobalSection
EndGlobal
