
Microsoft Visual Studio Solution File, Format Version 12.00
# Visual Studio Version 17
VisualStudioVersion = 17.1.32421.90
MinimumVisualStudioVersion = 10.0.40219.1
Project("{FAE04EC0-301F-11D3-BF4B-00C04F79EFBC}") = "write_test", "write_test.csproj", "{27006A15-52AF-4D49-BBBA-75F9FB99D4D2}"
EndProject
Global
	GlobalSection(SolutionConfigurationPlatforms) = preSolution
		Debug|Any CPU = Debug|Any CPU
		Release|Any CPU = Release|Any CPU
	EndGlobalSection
	GlobalSection(ProjectConfigurationPlatforms) = postSolution
		{27006A15-52AF-4D49-BBBA-75F9FB99D4D2}.Debug|Any CPU.ActiveCfg = Debug|Any CPU
		{27006A15-52AF-4D49-BBBA-75F9FB99D4D2}.Debug|Any CPU.Build.0 = Debug|Any CPU
		{27006A15-52AF-4D49-BBBA-75F9FB99D4D2}.Release|Any CPU.ActiveCfg = Release|Any CPU
		{27006A15-52AF-4D49-BBBA-75F9FB99D4D2}.Release|Any CPU.Build.0 = Release|Any CPU
	EndGlobalSection
	GlobalSection(SolutionProperties) = preSolution
		HideSolutionNode = FALSE
	EndGlobalSection
	GlobalSection(ExtensibilityGlobals) = postSolution
		SolutionGuid = {EE8DD318-9AC9-4472-B15C-409BDCD8321F}
	EndGlobalSection
EndGlobal
