
Microsoft Visual Studio Solution File, Format Version 12.00
# Visual Studio Version 17
VisualStudioVersion = 17.0.32126.317
MinimumVisualStudioVersion = 10.0.40219.1
Project("{FAE04EC0-301F-11D3-BF4B-00C04F79EFBC}") = "oef_10.8_Wekker", "oef_10.8_Wekker.csproj", "{BB3F2A85-4395-433E-A217-AEF2EEC6C250}"
EndProject
Project("{2150E333-8FDC-42A3-9474-1A3956D46DE8}") = "Solution Items", "Solution Items", "{33422636-B75B-4B09-8A2E-3E39C2C31299}"
	ProjectSection(SolutionItems) = preProject
		.editorconfig = .editorconfig
	EndProjectSection
EndProject
Global
	GlobalSection(SolutionConfigurationPlatforms) = preSolution
		Debug|Any CPU = Debug|Any CPU
		Release|Any CPU = Release|Any CPU
	EndGlobalSection
	GlobalSection(ProjectConfigurationPlatforms) = postSolution
		{BB3F2A85-4395-433E-A217-AEF2EEC6C250}.Debug|Any CPU.ActiveCfg = Debug|Any CPU
		{BB3F2A85-4395-433E-A217-AEF2EEC6C250}.Debug|Any CPU.Build.0 = Debug|Any CPU
		{BB3F2A85-4395-433E-A217-AEF2EEC6C250}.Release|Any CPU.ActiveCfg = Release|Any CPU
		{BB3F2A85-4395-433E-A217-AEF2EEC6C250}.Release|Any CPU.Build.0 = Release|Any CPU
	EndGlobalSection
	GlobalSection(SolutionProperties) = preSolution
		HideSolutionNode = FALSE
	EndGlobalSection
	GlobalSection(ExtensibilityGlobals) = postSolution
		SolutionGuid = {043481ED-6F67-49D0-A146-3531E1680554}
	EndGlobalSection
EndGlobal
