
Microsoft Visual Studio Solution File, Format Version 12.00
# Visual Studio Version 16
VisualStudioVersion = 16.0.31213.239
MinimumVisualStudioVersion = 10.0.40219.1
Project("{9A19103F-16F7-4668-BE54-9A1E7A4F7556}") = "Voting", "Voting\Voting.csproj", "{F8B4913A-75B4-469C-97AE-AF74A7D635C0}"
EndProject
Project("{FAE04EC0-301F-11D3-BF4B-00C04F79EFBC}") = "Voting.Tests", "Voting.Tests\Voting.Tests.csproj", "{6FC12C6B-EA0C-4605-BE98-53B4419A651D}"
EndProject
Global
	GlobalSection(SolutionConfigurationPlatforms) = preSolution
		Debug|Any CPU = Debug|Any CPU
		Release|Any CPU = Release|Any CPU
	EndGlobalSection
	GlobalSection(ProjectConfigurationPlatforms) = postSolution
		{F8B4913A-75B4-469C-97AE-AF74A7D635C0}.Debug|Any CPU.ActiveCfg = Debug|Any CPU
		{F8B4913A-75B4-469C-97AE-AF74A7D635C0}.Debug|Any CPU.Build.0 = Debug|Any CPU
		{F8B4913A-75B4-469C-97AE-AF74A7D635C0}.Release|Any CPU.ActiveCfg = Release|Any CPU
		{F8B4913A-75B4-469C-97AE-AF74A7D635C0}.Release|Any CPU.Build.0 = Release|Any CPU
		{6FC12C6B-EA0C-4605-BE98-53B4419A651D}.Debug|Any CPU.ActiveCfg = Debug|Any CPU
		{6FC12C6B-EA0C-4605-BE98-53B4419A651D}.Debug|Any CPU.Build.0 = Debug|Any CPU
		{6FC12C6B-EA0C-4605-BE98-53B4419A651D}.Release|Any CPU.ActiveCfg = Release|Any CPU
		{6FC12C6B-EA0C-4605-BE98-53B4419A651D}.Release|Any CPU.Build.0 = Release|Any CPU
	EndGlobalSection
	GlobalSection(SolutionProperties) = preSolution
		HideSolutionNode = FALSE
	EndGlobalSection
	GlobalSection(ExtensibilityGlobals) = postSolution
		SolutionGuid = {5C21CF0C-7C68-4646-B030-6B3C4B3C509B}
	EndGlobalSection
EndGlobal
