
Microsoft Visual Studio Solution File, Format Version 12.00
# Visual Studio Version 17
VisualStudioVersion = 17.1.32421.90
MinimumVisualStudioVersion = 10.0.40219.1
Project("{FAE04EC0-301F-11D3-BF4B-00C04F79EFBC}") = "Zoek_en_Vervang", "Zoek_en_Vervang.csproj", "{4FD3DD20-27AF-4322-974F-5719F1CD4884}"
EndProject
Global
	GlobalSection(SolutionConfigurationPlatforms) = preSolution
		Debug|Any CPU = Debug|Any CPU
		Release|Any CPU = Release|Any CPU
	EndGlobalSection
	GlobalSection(ProjectConfigurationPlatforms) = postSolution
		{4FD3DD20-27AF-4322-974F-5719F1CD4884}.Debug|Any CPU.ActiveCfg = Debug|Any CPU
		{4FD3DD20-27AF-4322-974F-5719F1CD4884}.Debug|Any CPU.Build.0 = Debug|Any CPU
		{4FD3DD20-27AF-4322-974F-5719F1CD4884}.Release|Any CPU.ActiveCfg = Release|Any CPU
		{4FD3DD20-27AF-4322-974F-5719F1CD4884}.Release|Any CPU.Build.0 = Release|Any CPU
	EndGlobalSection
	GlobalSection(SolutionProperties) = preSolution
		HideSolutionNode = FALSE
	EndGlobalSection
	GlobalSection(ExtensibilityGlobals) = postSolution
		SolutionGuid = {288C7725-F0B4-4E17-9539-5AAE41B64EA3}
	EndGlobalSection
EndGlobal
