
Microsoft Visual Studio Solution File, Format Version 12.00
# Visual Studio Version 17
VisualStudioVersion = 17.0.32126.317
MinimumVisualStudioVersion = 10.0.40219.1
Project("{FAE04EC0-301F-11D3-BF4B-00C04F79EFBC}") = "oef_4.10_bankrekening", "oef_4.10_bankrekening.csproj", "{6B50AC3E-13AE-4AA9-B641-2B7CEB68FEC8}"
EndProject
Global
	GlobalSection(SolutionConfigurationPlatforms) = preSolution
		Debug|Any CPU = Debug|Any CPU
		Release|Any CPU = Release|Any CPU
	EndGlobalSection
	GlobalSection(ProjectConfigurationPlatforms) = postSolution
		{6B50AC3E-13AE-4AA9-B641-2B7CEB68FEC8}.Debug|Any CPU.ActiveCfg = Debug|Any CPU
		{6B50AC3E-13AE-4AA9-B641-2B7CEB68FEC8}.Debug|Any CPU.Build.0 = Debug|Any CPU
		{6B50AC3E-13AE-4AA9-B641-2B7CEB68FEC8}.Release|Any CPU.ActiveCfg = Release|Any CPU
		{6B50AC3E-13AE-4AA9-B641-2B7CEB68FEC8}.Release|Any CPU.Build.0 = Release|Any CPU
	EndGlobalSection
	GlobalSection(SolutionProperties) = preSolution
		HideSolutionNode = FALSE
	EndGlobalSection
	GlobalSection(ExtensibilityGlobals) = postSolution
		SolutionGuid = {266AF2C2-4EF4-4651-9690-CCEA63841D66}
	EndGlobalSection
EndGlobal
