
Microsoft Visual Studio Solution File, Format Version 12.00
# Visual Studio Version 17
VisualStudioVersion = 17.0.32126.317
MinimumVisualStudioVersion = 10.0.40219.1
Project("{FAE04EC0-301F-11D3-BF4B-00C04F79EFBC}") = "oef_5.16_GetInput3", "oef_5.16_GetInput3.csproj", "{622ADD4C-F769-4F3B-A93C-F538C67DAA19}"
EndProject
Global
	GlobalSection(SolutionConfigurationPlatforms) = preSolution
		Debug|Any CPU = Debug|Any CPU
		Release|Any CPU = Release|Any CPU
	EndGlobalSection
	GlobalSection(ProjectConfigurationPlatforms) = postSolution
		{622ADD4C-F769-4F3B-A93C-F538C67DAA19}.Debug|Any CPU.ActiveCfg = Debug|Any CPU
		{622ADD4C-F769-4F3B-A93C-F538C67DAA19}.Debug|Any CPU.Build.0 = Debug|Any CPU
		{622ADD4C-F769-4F3B-A93C-F538C67DAA19}.Release|Any CPU.ActiveCfg = Release|Any CPU
		{622ADD4C-F769-4F3B-A93C-F538C67DAA19}.Release|Any CPU.Build.0 = Release|Any CPU
	EndGlobalSection
	GlobalSection(SolutionProperties) = preSolution
		HideSolutionNode = FALSE
	EndGlobalSection
	GlobalSection(ExtensibilityGlobals) = postSolution
		SolutionGuid = {481A8AE9-907F-48AA-BA86-EDF38E71A413}
	EndGlobalSection
EndGlobal
